// !$*UTF8*$!
{
	archiveVersion = 1;
	classes = {
	};
	objectVersion = 56;
	objects = {

/* Begin PBXBuildFile section */
		43361E0C2C046276007140DF /* SwiftUI_MapApp.swift in Sources */ = {isa = PBXBuildFile; fileRef = 43361E0B2C046276007140DF /* SwiftUI_MapApp.swift */; };
		43361E132C046277007140DF /* Preview Assets.xcassets in Resources */ = {isa = PBXBuildFile; fileRef = 43361E122C046277007140DF /* Preview Assets.xcassets */; };
		43361E1A2C0463C9007140DF /* Assets.xcassets in Resources */ = {isa = PBXBuildFile; fileRef = 43361E192C0463C9007140DF /* Assets.xcassets */; };
		43361E1F2C0464E9007140DF /* Location.swift in Sources */ = {isa = PBXBuildFile; fileRef = 43361E1E2C0464E9007140DF /* Location.swift */; };
		43361E222C0465B9007140DF /* LocationsDataService.swift in Sources */ = {isa = PBXBuildFile; fileRef = 43361E212C0465B9007140DF /* LocationsDataService.swift */; };
		43361E242C0467DD007140DF /* LocationsView.swift in Sources */ = {isa = PBXBuildFile; fileRef = 43361E232C0467DD007140DF /* LocationsView.swift */; };
		43361E262C0467F3007140DF /* LocationsViewModel.swift in Sources */ = {isa = PBXBuildFile; fileRef = 43361E252C0467F3007140DF /* LocationsViewModel.swift */; };
		43361E2A2C049023007140DF /* LocationListView.swift in Sources */ = {isa = PBXBuildFile; fileRef = 43361E292C049023007140DF /* LocationListView.swift */; };
		43361E2C2C04B4C9007140DF /* LocationPreviewView.swift in Sources */ = {isa = PBXBuildFile; fileRef = 43361E2B2C04B4C9007140DF /* LocationPreviewView.swift */; };
		43361E2E2C04F4BF007140DF /* LocationMapAnnotationView.swift in Sources */ = {isa = PBXBuildFile; fileRef = 43361E2D2C04F4BF007140DF /* LocationMapAnnotationView.swift */; };
		43361E302C04FBE1007140DF /* LocationDetailView.swift in Sources */ = {isa = PBXBuildFile; fileRef = 43361E2F2C04FBE1007140DF /* LocationDetailView.swift */; };
/* End PBXBuildFile section */

/* Begin PBXFileReference section */
		43361E082C046276007140DF /* SwiftUI_Map.app */ = {isa = PBXFileReference; explicitFileType = wrapper.application; includeInIndex = 0; path = SwiftUI_Map.app; sourceTree = BUILT_PRODUCTS_DIR; };
		43361E0B2C046276007140DF /* SwiftUI_MapApp.swift */ = {isa = PBXFileReference; lastKnownFileType = sourcecode.swift; path = SwiftUI_MapApp.swift; sourceTree = "<group>"; };
		43361E122C046277007140DF /* Preview Assets.xcassets */ = {isa = PBXFileReference; lastKnownFileType = folder.assetcatalog; path = "Preview Assets.xcassets"; sourceTree = "<group>"; };
		43361E192C0463C9007140DF /* Assets.xcassets */ = {isa = PBXFileReference; lastKnownFileType = folder.assetcatalog; path = Assets.xcassets; sourceTree = "<group>"; };
		43361E1E2C0464E9007140DF /* Location.swift */ = {isa = PBXFileReference; lastKnownFileType = sourcecode.swift; path = Location.swift; sourceTree = "<group>"; };
		43361E212C0465B9007140DF /* LocationsDataService.swift */ = {isa = PBXFileReference; fileEncoding = 4; lastKnownFileType = sourcecode.swift; path = LocationsDataService.swift; sourceTree = "<group>"; };
		43361E232C0467DD007140DF /* LocationsView.swift */ = {isa = PBXFileReference; lastKnownFileType = sourcecode.swift; path = LocationsView.swift; sourceTree = "<group>"; };
		43361E252C0467F3007140DF /* LocationsViewModel.swift */ = {isa = PBXFileReference; lastKnownFileType = sourcecode.swift; path = LocationsViewModel.swift; sourceTree = "<group>"; };
		43361E292C049023007140DF /* LocationListView.swift */ = {isa = PBXFileReference; fileEncoding = 4; lastKnownFileType = sourcecode.swift; path = LocationListView.swift; sourceTree = "<group>"; };
		43361E2B2C04B4C9007140DF /* LocationPreviewView.swift */ = {isa = PBXFileReference; lastKnownFileType = sourcecode.swift; path = LocationPreviewView.swift; sourceTree = "<group>"; };
		43361E2D2C04F4BF007140DF /* LocationMapAnnotationView.swift */ = {isa = PBXFileReference; lastKnownFileType = sourcecode.swift; path = LocationMapAnnotationView.swift; sourceTree = "<group>"; };
		43361E2F2C04FBE1007140DF /* LocationDetailView.swift */ = {isa = PBXFileReference; lastKnownFileType = sourcecode.swift; path = LocationDetailView.swift; sourceTree = "<group>"; };
		43361E312C052546007140DF /* SwiftUI-Map-Info.plist */ = {isa = PBXFileReference; lastKnownFileType = text.plist; path = "SwiftUI-Map-Info.plist"; sourceTree = SOURCE_ROOT; };
/* End PBXFileReference section */

/* Begin PBXFrameworksBuildPhase section */
		43361E052C046276007140DF /* Frameworks */ = {
			isa = PBXFrameworksBuildPhase;
			buildActionMask = 2147483647;
			files = (
			);
			runOnlyForDeploymentPostprocessing = 0;
		};
/* End PBXFrameworksBuildPhase section */

/* Begin PBXGroup section */
		43361DFF2C046276007140DF = {
			isa = PBXGroup;
			children = (
				43361E0A2C046276007140DF /* SwiftUI_Map */,
				43361E092C046276007140DF /* Products */,
			);
			sourceTree = "<group>";
		};
		43361E092C046276007140DF /* Products */ = {
			isa = PBXGroup;
			children = (
				43361E082C046276007140DF /* SwiftUI_Map.app */,
			);
			name = Products;
			sourceTree = "<group>";
		};
		43361E0A2C046276007140DF /* SwiftUI_Map */ = {
			isa = PBXGroup;
			children = (
				43361E312C052546007140DF /* SwiftUI-Map-Info.plist */,
				43361E202C0465A8007140DF /* DataService */,
				43361E1D2C04640E007140DF /* Models */,
				43361E1C2C046402007140DF /* ViewModel */,
				43361E1B2C0463F8007140DF /* Views */,
				43361E0B2C046276007140DF /* SwiftUI_MapApp.swift */,
				43361E192C0463C9007140DF /* Assets.xcassets */,
				43361E112C046277007140DF /* Preview Content */,
			);
			path = SwiftUI_Map;
			sourceTree = "<group>";
		};
		43361E112C046277007140DF /* Preview Content */ = {
			isa = PBXGroup;
			children = (
				43361E122C046277007140DF /* Preview Assets.xcassets */,
			);
			path = "Preview Content";
			sourceTree = "<group>";
		};
		43361E1B2C0463F8007140DF /* Views */ = {
			isa = PBXGroup;
			children = (
				43361E292C049023007140DF /* LocationListView.swift */,
				43361E232C0467DD007140DF /* LocationsView.swift */,
				43361E2B2C04B4C9007140DF /* LocationPreviewView.swift */,
				43361E2D2C04F4BF007140DF /* LocationMapAnnotationView.swift */,
				43361E2F2C04FBE1007140DF /* LocationDetailView.swift */,
			);
			path = Views;
			sourceTree = "<group>";
		};
		43361E1C2C046402007140DF /* ViewModel */ = {
			isa = PBXGroup;
			children = (
				43361E252C0467F3007140DF /* LocationsViewModel.swift */,
			);
			path = ViewModel;
			sourceTree = "<group>";
		};
		43361E1D2C04640E007140DF /* Models */ = {
			isa = PBXGroup;
			children = (
				43361E1E2C0464E9007140DF /* Location.swift */,
			);
			path = Models;
			sourceTree = "<group>";
		};
		43361E202C0465A8007140DF /* DataService */ = {
			isa = PBXGroup;
			children = (
				43361E212C0465B9007140DF /* LocationsDataService.swift */,
			);
			path = DataService;
			sourceTree = "<group>";
		};
/* End PBXGroup section */

/* Begin PBXNativeTarget section */
		43361E072C046276007140DF /* SwiftUI_Map */ = {
			isa = PBXNativeTarget;
			buildConfigurationList = 43361E162C046277007140DF /* Build configuration list for PBXNativeTarget "SwiftUI_Map" */;
			buildPhases = (
				43361E042C046276007140DF /* Sources */,
				43361E052C046276007140DF /* Frameworks */,
				43361E062C046276007140DF /* Resources */,
			);
			buildRules = (
			);
			dependencies = (
			);
			name = SwiftUI_Map;
			productName = SwiftUI_Map;
			productReference = 43361E082C046276007140DF /* SwiftUI_Map.app */;
			productType = "com.apple.product-type.application";
		};
/* End PBXNativeTarget section */

/* Begin PBXProject section */
		43361E002C046276007140DF /* Project object */ = {
			isa = PBXProject;
			attributes = {
				BuildIndependentTargetsInParallel = 1;
				LastSwiftUpdateCheck = 1520;
				LastUpgradeCheck = 1520;
				TargetAttributes = {
					43361E072C046276007140DF = {
						CreatedOnToolsVersion = 15.2;
					};
				};
			};
			buildConfigurationList = 43361E032C046276007140DF /* Build configuration list for PBXProject "SwiftUI_Map" */;
			compatibilityVersion = "Xcode 14.0";
			developmentRegion = en;
			hasScannedForEncodings = 0;
			knownRegions = (
				en,
				Base,
			);
			mainGroup = 43361DFF2C046276007140DF;
			productRefGroup = 43361E092C046276007140DF /* Products */;
			projectDirPath = "";
			projectRoot = "";
			targets = (
				43361E072C046276007140DF /* SwiftUI_Map */,
			);
		};
/* End PBXProject section */

/* Begin PBXResourcesBuildPhase section */
		43361E062C046276007140DF /* Resources */ = {
			isa = PBXResourcesBuildPhase;
			buildActionMask = 2147483647;
			files = (
				43361E1A2C0463C9007140DF /* Assets.xcassets in Resources */,
				43361E132C046277007140DF /* Preview Assets.xcassets in Resources */,
			);
			runOnlyForDeploymentPostprocessing = 0;
		};
/* End PBXResourcesBuildPhase section */

/* Begin PBXSourcesBuildPhase section */
		43361E042C046276007140DF /* Sources */ = {
			isa = PBXSourcesBuildPhase;
			buildActionMask = 2147483647;
			files = (
				43361E222C0465B9007140DF /* LocationsDataService.swift in Sources */,
				43361E262C0467F3007140DF /* LocationsViewModel.swift in Sources */,
				43361E302C04FBE1007140DF /* LocationDetailView.swift in Sources */,
				43361E242C0467DD007140DF /* LocationsView.swift in Sources */,
				43361E2A2C049023007140DF /* LocationListView.swift in Sources */,
				43361E2C2C04B4C9007140DF /* LocationPreviewView.swift in Sources */,
				43361E1F2C0464E9007140DF /* Location.swift in Sources */,
				43361E0C2C046276007140DF /* SwiftUI_MapApp.swift in Sources */,
				43361E2E2C04F4BF007140DF /* LocationMapAnnotationView.swift in Sources */,
			);
			runOnlyForDeploymentPostprocessing = 0;
		};
/* End PBXSourcesBuildPhase section */

/* Begin XCBuildConfiguration section */
		43361E142C046277007140DF /* Debug */ = {
			isa = XCBuildConfiguration;
			buildSettings = {
				ALWAYS_SEARCH_USER_PATHS = NO;
				ASSETCATALOG_COMPILER_GENERATE_SWIFT_ASSET_SYMBOL_EXTENSIONS = YES;
				CLANG_ANALYZER_NONNULL = YES;
				CLANG_ANALYZER_NUMBER_OBJECT_CONVERSION = YES_AGGRESSIVE;
				CLANG_CXX_LANGUAGE_STANDARD = "gnu++20";
				CLANG_ENABLE_MODULES = YES;
				CLANG_ENABLE_OBJC_ARC = YES;
				CLANG_ENABLE_OBJC_WEAK = YES;
				CLANG_WARN_BLOCK_CAPTURE_AUTORELEASING = YES;
				CLANG_WARN_BOOL_CONVERSION = YES;
				CLANG_WARN_COMMA = YES;
				CLANG_WARN_CONSTANT_CONVERSION = YES;
				CLANG_WARN_DEPRECATED_OBJC_IMPLEMENTATIONS = YES;
				CLANG_WARN_DIRECT_OBJC_ISA_USAGE = YES_ERROR;
				CLANG_WARN_DOCUMENTATION_COMMENTS = YES;
				CLANG_WARN_EMPTY_BODY = YES;
				CLANG_WARN_ENUM_CONVERSION = YES;
				CLANG_WARN_INFINITE_RECURSION = YES;
				CLANG_WARN_INT_CONVERSION = YES;
				CLANG_WARN_NON_LITERAL_NULL_CONVERSION = YES;
				CLANG_WARN_OBJC_IMPLICIT_RETAIN_SELF = YES;
				CLANG_WARN_OBJC_LITERAL_CONVERSION = YES;
				CLANG_WARN_OBJC_ROOT_CLASS = YES_ERROR;
				CLANG_WARN_QUOTED_INCLUDE_IN_FRAMEWORK_HEADER = YES;
				CLANG_WARN_RANGE_LOOP_ANALYSIS = YES;
				CLANG_WARN_STRICT_PROTOTYPES = YES;
				CLANG_WARN_SUSPICIOUS_MOVE = YES;
				CLANG_WARN_UNGUARDED_AVAILABILITY = YES_AGGRESSIVE;
				CLANG_WARN_UNREACHABLE_CODE = YES;
				CLANG_WARN__DUPLICATE_METHOD_MATCH = YES;
				COPY_PHASE_STRIP = NO;
				DEBUG_INFORMATION_FORMAT = dwarf;
				ENABLE_STRICT_OBJC_MSGSEND = YES;
				ENABLE_TESTABILITY = YES;
				ENABLE_USER_SCRIPT_SANDBOXING = YES;
				GCC_C_LANGUAGE_STANDARD = gnu17;
				GCC_DYNAMIC_NO_PIC = NO;
				GCC_NO_COMMON_BLOCKS = YES;
				GCC_OPTIMIZATION_LEVEL = 0;
				GCC_PREPROCESSOR_DEFINITIONS = (
					"DEBUG=1",
					"$(inherited)",
				);
				GCC_WARN_64_TO_32_BIT_CONVERSION = YES;
				GCC_WARN_ABOUT_RETURN_TYPE = YES_ERROR;
				GCC_WARN_UNDECLARED_SELECTOR = YES;
				GCC_WARN_UNINITIALIZED_AUTOS = YES_AGGRESSIVE;
				GCC_WARN_UNUSED_FUNCTION = YES;
				GCC_WARN_UNUSED_VARIABLE = YES;
				IPHONEOS_DEPLOYMENT_TARGET = 17.2;
				LOCALIZATION_PREFERS_STRING_CATALOGS = YES;
				MTL_ENABLE_DEBUG_INFO = INCLUDE_SOURCE;
				MTL_FAST_MATH = YES;
				ONLY_ACTIVE_ARCH = YES;
				SDKROOT = iphoneos;
				SWIFT_ACTIVE_COMPILATION_CONDITIONS = "DEBUG $(inherited)";
				SWIFT_OPTIMIZATION_LEVEL = "-Onone";
			};
			name = Debug;
		};
		43361E152C046277007140DF /* Release */ = {
			isa = XCBuildConfiguration;
			buildSettings = {
				ALWAYS_SEARCH_USER_PATHS = NO;
				ASSETCATALOG_COMPILER_GENERATE_SWIFT_ASSET_SYMBOL_EXTENSIONS = YES;
				CLANG_ANALYZER_NONNULL = YES;
				CLANG_ANALYZER_NUMBER_OBJECT_CONVERSION = YES_AGGRESSIVE;
				CLANG_CXX_LANGUAGE_STANDARD = "gnu++20";
				CLANG_ENABLE_MODULES = YES;
				CLANG_ENABLE_OBJC_ARC = YES;
				CLANG_ENABLE_OBJC_WEAK = YES;
				CLANG_WARN_BLOCK_CAPTURE_AUTORELEASING = YES;
				CLANG_WARN_BOOL_CONVERSION = YES;
				CLANG_WARN_COMMA = YES;
				CLANG_WARN_CONSTANT_CONVERSION = YES;
				CLANG_WARN_DEPRECATED_OBJC_IMPLEMENTATIONS = YES;
				CLANG_WARN_DIRECT_OBJC_ISA_USAGE = YES_ERROR;
				CLANG_WARN_DOCUMENTATION_COMMENTS = YES;
				CLANG_WARN_EMPTY_BODY = YES;
				CLANG_WARN_ENUM_CONVERSION = YES;
				CLANG_WARN_INFINITE_RECURSION = YES;
				CLANG_WARN_INT_CONVERSION = YES;
				CLANG_WARN_NON_LITERAL_NULL_CONVERSION = YES;
				CLANG_WARN_OBJC_IMPLICIT_RETAIN_SELF = YES;
				CLANG_WARN_OBJC_LITERAL_CONVERSION = YES;
				CLANG_WARN_OBJC_ROOT_CLASS = YES_ERROR;
				CLANG_WARN_QUOTED_INCLUDE_IN_FRAMEWORK_HEADER = YES;
				CLANG_WARN_RANGE_LOOP_ANALYSIS = YES;
				CLANG_WARN_STRICT_PROTOTYPES = YES;
				CLANG_WARN_SUSPICIOUS_MOVE = YES;
				CLANG_WARN_UNGUARDED_AVAILABILITY = YES_AGGRESSIVE;
				CLANG_WARN_UNREACHABLE_CODE = YES;
				CLANG_WARN__DUPLICATE_METHOD_MATCH = YES;
				COPY_PHASE_STRIP = NO;
				DEBUG_INFORMATION_FORMAT = "dwarf-with-dsym";
				ENABLE_NS_ASSERTIONS = NO;
				ENABLE_STRICT_OBJC_MSGSEND = YES;
				ENABLE_USER_SCRIPT_SANDBOXING = YES;
				GCC_C_LANGUAGE_STANDARD = gnu17;
				GCC_NO_COMMON_BLOCKS = YES;
				GCC_WARN_64_TO_32_BIT_CONVERSION = YES;
				GCC_WARN_ABOUT_RETURN_TYPE = YES_ERROR;
				GCC_WARN_UNDECLARED_SELECTOR = YES;
				GCC_WARN_UNINITIALIZED_AUTOS = YES_AGGRESSIVE;
				GCC_WARN_UNUSED_FUNCTION = YES;
				GCC_WARN_UNUSED_VARIABLE = YES;
				IPHONEOS_DEPLOYMENT_TARGET = 17.2;
				LOCALIZATION_PREFERS_STRING_CATALOGS = YES;
				MTL_ENABLE_DEBUG_INFO = NO;
				MTL_FAST_MATH = YES;
				SDKROOT = iphoneos;
				SWIFT_COMPILATION_MODE = wholemodule;
				VALIDATE_PRODUCT = YES;
			};
			name = Release;
		};
		43361E172C046277007140DF /* Debug */ = {
			isa = XCBuildConfiguration;
			buildSettings = {
				ASSETCATALOG_COMPILER_APPICON_NAME = AppIcon;
				ASSETCATALOG_COMPILER_GLOBAL_ACCENT_COLOR_NAME = AccentColor;
				CODE_SIGN_STYLE = Automatic;
				CURRENT_PROJECT_VERSION = 1;
				DEVELOPMENT_ASSET_PATHS = "\"SwiftUI_Map/Preview Content\"";
				ENABLE_PREVIEWS = YES;
				GENERATE_INFOPLIST_FILE = YES;
				INFOPLIST_FILE = "SwiftUI-Map-Info.plist";
				INFOPLIST_KEY_UIApplicationSceneManifest_Generation = YES;
				INFOPLIST_KEY_UIApplicationSupportsIndirectInputEvents = YES;
				INFOPLIST_KEY_UISupportedInterfaceOrientations = UIInterfaceOrientationPortrait;
				INFOPLIST_KEY_UISupportedInterfaceOrientations_iPad = "UIInterfaceOrientationLandscapeLeft UIInterfaceOrientationLandscapeRight UIInterfaceOrientationPortrait UIInterfaceOrientationPortraitUpsideDown";
				LD_RUNPATH_SEARCH_PATHS = (
					"$(inherited)",
					"@executable_path/Frameworks",
				);
				MARKETING_VERSION = 1.0;
				PRODUCT_BUNDLE_IDENTIFIER = "com.danis.SwiftUI-Map";
				PRODUCT_NAME = "$(TARGET_NAME)";
				SWIFT_EMIT_LOC_STRINGS = YES;
				SWIFT_VERSION = 5.0;
				TARGETED_DEVICE_FAMILY = "1,2";
			};
			name = Debug;
		};
		43361E182C046277007140DF /* Release */ = {
			isa = XCBuildConfiguration;
			buildSettings = {
				ASSETCATALOG_COMPILER_APPICON_NAME = AppIcon;
				ASSETCATALOG_COMPILER_GLOBAL_ACCENT_COLOR_NAME = AccentColor;
				CODE_SIGN_STYLE = Automatic;
				CURRENT_PROJECT_VERSION = 1;
				DEVELOPMENT_ASSET_PATHS = "\"SwiftUI_Map/Preview Content\"";
				ENABLE_PREVIEWS = YES;
				GENERATE_INFOPLIST_FILE = YES;
				INFOPLIST_FILE = "SwiftUI-Map-Info.plist";
				INFOPLIST_KEY_UIApplicationSceneManifest_Generation = YES;
				INFOPLIST_KEY_UIApplicationSupportsIndirectInputEvents = YES;
				INFOPLIST_KEY_UISupportedInterfaceOrientations = UIInterfaceOrientationPortrait;
				INFOPLIST_KEY_UISupportedInterfaceOrientations_iPad = "UIInterfaceOrientationLandscapeLeft UIInterfaceOrientationLandscapeRight UIInterfaceOrientationPortrait UIInterfaceOrientationPortraitUpsideDown";
				LD_RUNPATH_SEARCH_PATHS = (
					"$(inherited)",
					"@executable_path/Frameworks",
				);
				MARKETING_VERSION = 1.0;
				PRODUCT_BUNDLE_IDENTIFIER = "com.danis.SwiftUI-Map";
				PRODUCT_NAME = "$(TARGET_NAME)";
				SWIFT_EMIT_LOC_STRINGS = YES;
				SWIFT_VERSION = 5.0;
				TARGETED_DEVICE_FAMILY = "1,2";
			};
			name = Release;
		};
/* End XCBuildConfiguration section */

/* Begin XCConfigurationList section */
		43361E032C046276007140DF /* Build configuration list for PBXProject "SwiftUI_Map" */ = {
			isa = XCConfigurationList;
			buildConfigurations = (
				43361E142C046277007140DF /* Debug */,
				43361E152C046277007140DF /* Release */,
			);
			defaultConfigurationIsVisible = 0;
			defaultConfigurationName = Release;
		};
		43361E162C046277007140DF /* Build configuration list for PBXNativeTarget "SwiftUI_Map" */ = {
			isa = XCConfigurationList;
			buildConfigurations = (
				43361E172C046277007140DF /* Debug */,
				43361E182C046277007140DF /* Release */,
			);
			defaultConfigurationIsVisible = 0;
			defaultConfigurationName = Release;
		};
/* End XCConfigurationList section */
	};
	rootObject = 43361E002C046276007140DF /* Project object */;
}
